
Microsoft Visual Studio Solution File, Format Version 12.00
# Visual Studio 15
VisualStudioVersion = 15.0.28307.168
MinimumVisualStudioVersion = 10.0.40219.1
Project("{FAE04EC0-301F-11D3-BF4B-00C04F79EFBC}") = "C0730108-C0722414", "C0730108-C0722414\C0730108-C0722414.csproj", "{40DBD8C1-B5E4-4EB1-9BFB-C3C51169BEC6}"
EndProject
Project("{FAE04EC0-301F-11D3-BF4B-00C04F79EFBC}") = "BankTests", "BankTests\BankTests.csproj", "{B7556628-FFDF-4076-BC1F-F08638FFB028}"
EndProject
Global
	GlobalSection(SolutionConfigurationPlatforms) = preSolution
		Debug|Any CPU = Debug|Any CPU
		Release|Any CPU = Release|Any CPU
	EndGlobalSection
	GlobalSection(ProjectConfigurationPlatforms) = postSolution
		{40DBD8C1-B5E4-4EB1-9BFB-C3C51169BEC6}.Debug|Any CPU.ActiveCfg = Debug|Any CPU
		{40DBD8C1-B5E4-4EB1-9BFB-C3C51169BEC6}.Debug|Any CPU.Build.0 = Debug|Any CPU
		{40DBD8C1-B5E4-4EB1-9BFB-C3C51169BEC6}.Release|Any CPU.ActiveCfg = Release|Any CPU
		{40DBD8C1-B5E4-4EB1-9BFB-C3C51169BEC6}.Release|Any CPU.Build.0 = Release|Any CPU
		{B7556628-FFDF-4076-BC1F-F08638FFB028}.Debug|Any CPU.ActiveCfg = Debug|Any CPU
		{B7556628-FFDF-4076-BC1F-F08638FFB028}.Debug|Any CPU.Build.0 = Debug|Any CPU
		{B7556628-FFDF-4076-BC1F-F08638FFB028}.Release|Any CPU.ActiveCfg = Release|Any CPU
		{B7556628-FFDF-4076-BC1F-F08638FFB028}.Release|Any CPU.Build.0 = Release|Any CPU
	EndGlobalSection
	GlobalSection(SolutionProperties) = preSolution
		HideSolutionNode = FALSE
	EndGlobalSection
	GlobalSection(ExtensibilityGlobals) = postSolution
		SolutionGuid = {F00F5739-A996-49CB-A942-6E2087DBAA66}
	EndGlobalSection
EndGlobal
